
Microsoft Visual Studio Solution File, Format Version 12.00
# Visual Studio 15
VisualStudioVersion = 15.0.27703.2000
MinimumVisualStudioVersion = 10.0.40219.1
Project("{9A19103F-16F7-4668-BE54-9A1E7A4F7556}") = "ContosoUniversity", "ContosoUniversity\ContosoUniversity.csproj", "{72550821-85B0-44BA-A729-F0E5D44F68D7}"
EndProject
Global
	GlobalSection(SolutionConfigurationPlatforms) = preSolution
		Debug|Any CPU = Debug|Any CPU
		Release|Any CPU = Release|Any CPU
	EndGlobalSection
	GlobalSection(ProjectConfigurationPlatforms) = postSolution
		{72550821-85B0-44BA-A729-F0E5D44F68D7}.Debug|Any CPU.ActiveCfg = Debug|Any CPU
		{72550821-85B0-44BA-A729-F0E5D44F68D7}.Debug|Any CPU.Build.0 = Debug|Any CPU
		{72550821-85B0-44BA-A729-F0E5D44F68D7}.Release|Any CPU.ActiveCfg = Release|Any CPU
		{72550821-85B0-44BA-A729-F0E5D44F68D7}.Release|Any CPU.Build.0 = Release|Any CPU
	EndGlobalSection
	GlobalSection(SolutionProperties) = preSolution
		HideSolutionNode = FALSE
	EndGlobalSection
	GlobalSection(ExtensibilityGlobals) = postSolution
		SolutionGuid = {1D47D0BB-D351-4A7A-B332-F8CC1D3BBDC4}
	EndGlobalSection
EndGlobal
